uuid: a4bbf25e-ab8e-4f4b-9a26-bc5c1aeb0644
langcode: en
status: true
dependencies:
  config:
    - field.storage.node.field_base_block
    - node.type.page
    - paragraphs.paragraphs_type.base_block
    - paragraphs.paragraphs_type.media_image
  module:
    - entity_reference_revisions
id: node.page.field_base_block
field_name: field_base_block
entity_type: node
bundle: page
label: 'Base block'
description: ''
required: false
translatable: false
default_value: {  }
default_value_callback: ''
settings:
  handler: 'default:paragraph'
  handler_settings:
    negate: 0
    target_bundles:
      base_block: base_block
      media_image: media_image
    target_bundles_drag_drop:
      base_block:
        enabled: true
        weight: 6
      content:
        weight: 7
        enabled: false
      images:
        weight: 8
        enabled: false
      media_image:
        enabled: true
        weight: 9
      video_banner:
        weight: 10
        enabled: false
field_type: entity_reference_revisions
